// !$*UTF8*$!
{
	archiveVersion = 1;
	classes = {
	};
	objectVersion = 46;
	objects = {

/* Begin PBXBuildFile section */
		529895A51EC1A72300C66409 /* main.m in Sources */ = {isa = PBXBuildFile; fileRef = 529895A41EC1A72300C66409 /* main.m */; };
		529895A81EC1A72300C66409 /* AppDelegate.m in Sources */ = {isa = PBXBuildFile; fileRef = 529895A71EC1A72300C66409 /* AppDelegate.m */; };
		529895AB1EC1A72300C66409 /* ViewController.m in Sources */ = {isa = PBXBuildFile; fileRef = 529895AA1EC1A72300C66409 /* ViewController.m */; };
		529895AE1EC1A72300C66409 /* Main.storyboard in Resources */ = {isa = PBXBuildFile; fileRef = 529895AC1EC1A72300C66409 /* Main.storyboard */; };
		529895B01EC1A72300C66409 /* Assets.xcassets in Resources */ = {isa = PBXBuildFile; fileRef = 529895AF1EC1A72300C66409 /* Assets.xcassets */; };
		529895B31EC1A72300C66409 /* LaunchScreen.storyboard in Resources */ = {isa = PBXBuildFile; fileRef = 529895B11EC1A72300C66409 /* LaunchScreen.storyboard */; };
		529895BE1EC1A72300C66409 /* KSCCommentListTests.m in Sources */ = {isa = PBXBuildFile; fileRef = 529895BD1EC1A72300C66409 /* KSCCommentListTests.m */; };
		529895C91EC1A72300C66409 /* KSCCommentListUITests.m in Sources */ = {isa = PBXBuildFile; fileRef = 529895C81EC1A72300C66409 /* KSCCommentListUITests.m */; };
/* End PBXBuildFile section */

/* Begin PBXContainerItemProxy section */
		529895BA1EC1A72300C66409 /* PBXContainerItemProxy */ = {
			isa = PBXContainerItemProxy;
			containerPortal = 529895981EC1A72300C66409 /* Project object */;
			proxyType = 1;
			remoteGlobalIDString = 5298959F1EC1A72300C66409;
			remoteInfo = KSCCommentList;
		};
		529895C51EC1A72300C66409 /* PBXContainerItemProxy */ = {
			isa = PBXContainerItemProxy;
			containerPortal = 529895981EC1A72300C66409 /* Project object */;
			proxyType = 1;
			remoteGlobalIDString = 5298959F1EC1A72300C66409;
			remoteInfo = KSCCommentList;
		};
/* End PBXContainerItemProxy section */

/* Begin PBXFileReference section */
		529895A01EC1A72300C66409 /* KSCCommentList.app */ = {isa = PBXFileReference; explicitFileType = wrapper.application; includeInIndex = 0; path = KSCCommentList.app; sourceTree = BUILT_PRODUCTS_DIR; };
		529895A41EC1A72300C66409 /* main.m */ = {isa = PBXFileReference; lastKnownFileType = sourcecode.c.objc; path = main.m; sourceTree = "<group>"; };
		529895A61EC1A72300C66409 /* AppDelegate.h */ = {isa = PBXFileReference; lastKnownFileType = sourcecode.c.h; path = AppDelegate.h; sourceTree = "<group>"; };
		529895A71EC1A72300C66409 /* AppDelegate.m */ = {isa = PBXFileReference; lastKnownFileType = sourcecode.c.objc; path = AppDelegate.m; sourceTree = "<group>"; };
		529895A91EC1A72300C66409 /* ViewController.h */ = {isa = PBXFileReference; lastKnownFileType = sourcecode.c.h; path = ViewController.h; sourceTree = "<group>"; };
		529895AA1EC1A72300C66409 /* ViewController.m */ = {isa = PBXFileReference; lastKnownFileType = sourcecode.c.objc; path = ViewController.m; sourceTree = "<group>"; };
		529895AD1EC1A72300C66409 /* Base */ = {isa = PBXFileReference; lastKnownFileType = file.storyboard; name = Base; path = Base.lproj/Main.storyboard; sourceTree = "<group>"; };
		529895AF1EC1A72300C66409 /* Assets.xcassets */ = {isa = PBXFileReference; lastKnownFileType = folder.assetcatalog; path = Assets.xcassets; sourceTree = "<group>"; };
		529895B21EC1A72300C66409 /* Base */ = {isa = PBXFileReference; lastKnownFileType = file.storyboard; name = Base; path = Base.lproj/LaunchScreen.storyboard; sourceTree = "<group>"; };
		529895B41EC1A72300C66409 /* Info.plist */ = {isa = PBXFileReference; lastKnownFileType = text.plist.xml; path = Info.plist; sourceTree = "<group>"; };
		529895B91EC1A72300C66409 /* KSCCommentListTests.xctest */ = {isa = PBXFileReference; explicitFileType = wrapper.cfbundle; includeInIndex = 0; path = KSCCommentListTests.xctest; sourceTree = BUILT_PRODUCTS_DIR; };
		529895BD1EC1A72300C66409 /* KSCCommentListTests.m */ = {isa = PBXFileReference; lastKnownFileType = sourcecode.c.objc; path = KSCCommentListTests.m; sourceTree = "<group>"; };
		529895BF1EC1A72300C66409 /* Info.plist */ = {isa = PBXFileReference; lastKnownFileType = text.plist.xml; path = Info.plist; sourceTree = "<group>"; };
		529895C41EC1A72300C66409 /* KSCCommentListUITests.xctest */ = {isa = PBXFileReference; explicitFileType = wrapper.cfbundle; includeInIndex = 0; path = KSCCommentListUITests.xctest; sourceTree = BUILT_PRODUCTS_DIR; };
		529895C81EC1A72300C66409 /* KSCCommentListUITests.m */ = {isa = PBXFileReference; lastKnownFileType = sourcecode.c.objc; path = KSCCommentListUITests.m; sourceTree = "<group>"; };
		529895CA1EC1A72300C66409 /* Info.plist */ = {isa = PBXFileReference; lastKnownFileType = text.plist.xml; path = Info.plist; sourceTree = "<group>"; };
/* End PBXFileReference section */

/* Begin PBXFrameworksBuildPhase section */
		5298959D1EC1A72300C66409 /* Frameworks */ = {
			isa = PBXFrameworksBuildPhase;
			buildActionMask = 2147483647;
			files = (
			);
			runOnlyForDeploymentPostprocessing = 0;
		};
		529895B61EC1A72300C66409 /* Frameworks */ = {
			isa = PBXFrameworksBuildPhase;
			buildActionMask = 2147483647;
			files = (
			);
			runOnlyForDeploymentPostprocessing = 0;
		};
		529895C11EC1A72300C66409 /* Frameworks */ = {
			isa = PBXFrameworksBuildPhase;
			buildActionMask = 2147483647;
			files = (
			);
			runOnlyForDeploymentPostprocessing = 0;
		};
/* End PBXFrameworksBuildPhase section */

/* Begin PBXGroup section */
		529895971EC1A72300C66409 = {
			isa = PBXGroup;
			children = (
				529895A21EC1A72300C66409 /* KSCCommentList */,
				529895BC1EC1A72300C66409 /* KSCCommentListTests */,
				529895C71EC1A72300C66409 /* KSCCommentListUITests */,
				529895A11EC1A72300C66409 /* Products */,
			);
			sourceTree = "<group>";
		};
		529895A11EC1A72300C66409 /* Products */ = {
			isa = PBXGroup;
			children = (
				529895A01EC1A72300C66409 /* KSCCommentList.app */,
				529895B91EC1A72300C66409 /* KSCCommentListTests.xctest */,
				529895C41EC1A72300C66409 /* KSCCommentListUITests.xctest */,
			);
			name = Products;
			sourceTree = "<group>";
		};
		529895A21EC1A72300C66409 /* KSCCommentList */ = {
			isa = PBXGroup;
			children = (
				529895A61EC1A72300C66409 /* AppDelegate.h */,
				529895A71EC1A72300C66409 /* AppDelegate.m */,
				529895A91EC1A72300C66409 /* ViewController.h */,
				529895AA1EC1A72300C66409 /* ViewController.m */,
				529895AC1EC1A72300C66409 /* Main.storyboard */,
				529895AF1EC1A72300C66409 /* Assets.xcassets */,
				529895B11EC1A72300C66409 /* LaunchScreen.storyboard */,
				529895B41EC1A72300C66409 /* Info.plist */,
				529895A31EC1A72300C66409 /* Supporting Files */,
			);
			path = KSCCommentList;
			sourceTree = "<group>";
		};
		529895A31EC1A72300C66409 /* Supporting Files */ = {
			isa = PBXGroup;
			children = (
				529895A41EC1A72300C66409 /* main.m */,
			);
			name = "Supporting Files";
			sourceTree = "<group>";
		};
		529895BC1EC1A72300C66409 /* KSCCommentListTests */ = {
			isa = PBXGroup;
			children = (
				529895BD1EC1A72300C66409 /* KSCCommentListTests.m */,
				529895BF1EC1A72300C66409 /* Info.plist */,
			);
			path = KSCCommentListTests;
			sourceTree = "<group>";
		};
		529895C71EC1A72300C66409 /* KSCCommentListUITests */ = {
			isa = PBXGroup;
			children = (
				529895C81EC1A72300C66409 /* KSCCommentListUITests.m */,
				529895CA1EC1A72300C66409 /* Info.plist */,
			);
			path = KSCCommentListUITests;
			sourceTree = "<group>";
		};
/* End PBXGroup section */

/* Begin PBXNativeTarget section */
		5298959F1EC1A72300C66409 /* KSCCommentList */ = {
			isa = PBXNativeTarget;
			buildConfigurationList = 529895CD1EC1A72300C66409 /* Build configuration list for PBXNativeTarget "KSCCommentList" */;
			buildPhases = (
				5298959C1EC1A72300C66409 /* Sources */,
				5298959D1EC1A72300C66409 /* Frameworks */,
				5298959E1EC1A72300C66409 /* Resources */,
			);
			buildRules = (
			);
			dependencies = (
			);
			name = KSCCommentList;
			productName = KSCCommentList;
			productReference = 529895A01EC1A72300C66409 /* KSCCommentList.app */;
			productType = "com.apple.product-type.application";
		};
		529895B81EC1A72300C66409 /* KSCCommentListTests */ = {
			isa = PBXNativeTarget;
			buildConfigurationList = 529895D01EC1A72300C66409 /* Build configuration list for PBXNativeTarget "KSCCommentListTests" */;
			buildPhases = (
				529895B51EC1A72300C66409 /* Sources */,
				529895B61EC1A72300C66409 /* Frameworks */,
				529895B71EC1A72300C66409 /* Resources */,
			);
			buildRules = (
			);
			dependencies = (
				529895BB1EC1A72300C66409 /* PBXTargetDependency */,
			);
			name = KSCCommentListTests;
			productName = KSCCommentListTests;
			productReference = 529895B91EC1A72300C66409 /* KSCCommentListTests.xctest */;
			productType = "com.apple.product-type.bundle.unit-test";
		};
		529895C31EC1A72300C66409 /* KSCCommentListUITests */ = {
			isa = PBXNativeTarget;
			buildConfigurationList = 529895D31EC1A72300C66409 /* Build configuration list for PBXNativeTarget "KSCCommentListUITests" */;
			buildPhases = (
				529895C01EC1A72300C66409 /* Sources */,
				529895C11EC1A72300C66409 /* Frameworks */,
				529895C21EC1A72300C66409 /* Resources */,
			);
			buildRules = (
			);
			dependencies = (
				529895C61EC1A72300C66409 /* PBXTargetDependency */,
			);
			name = KSCCommentListUITests;
			productName = KSCCommentListUITests;
			productReference = 529895C41EC1A72300C66409 /* KSCCommentListUITests.xctest */;
			productType = "com.apple.product-type.bundle.ui-testing";
		};
/* End PBXNativeTarget section */

/* Begin PBXProject section */
		529895981EC1A72300C66409 /* Project object */ = {
			isa = PBXProject;
			attributes = {
				LastUpgradeCheck = 0830;
				ORGANIZATIONNAME = KanSC;
				TargetAttributes = {
					5298959F1EC1A72300C66409 = {
						CreatedOnToolsVersion = 8.3.1;
						DevelopmentTeam = FFZGHY5WM4;
						ProvisioningStyle = Automatic;
					};
					529895B81EC1A72300C66409 = {
						CreatedOnToolsVersion = 8.3.1;
						DevelopmentTeam = FFZGHY5WM4;
						ProvisioningStyle = Automatic;
						TestTargetID = 5298959F1EC1A72300C66409;
					};
					529895C31EC1A72300C66409 = {
						CreatedOnToolsVersion = 8.3.1;
						DevelopmentTeam = FFZGHY5WM4;
						ProvisioningStyle = Automatic;
						TestTargetID = 5298959F1EC1A72300C66409;
					};
				};
			};
			buildConfigurationList = 5298959B1EC1A72300C66409 /* Build configuration list for PBXProject "KSCCommentList" */;
			compatibilityVersion = "Xcode 3.2";
			developmentRegion = English;
			hasScannedForEncodings = 0;
			knownRegions = (
				en,
				Base,
			);
			mainGroup = 529895971EC1A72300C66409;
			productRefGroup = 529895A11EC1A72300C66409 /* Products */;
			projectDirPath = "";
			projectRoot = "";
			targets = (
				5298959F1EC1A72300C66409 /* KSCCommentList */,
				529895B81EC1A72300C66409 /* KSCCommentListTests */,
				529895C31EC1A72300C66409 /* KSCCommentListUITests */,
			);
		};
/* End PBXProject section */

/* Begin PBXResourcesBuildPhase section */
		5298959E1EC1A72300C66409 /* Resources */ = {
			isa = PBXResourcesBuildPhase;
			buildActionMask = 2147483647;
			files = (
				529895B31EC1A72300C66409 /* LaunchScreen.storyboard in Resources */,
				529895B01EC1A72300C66409 /* Assets.xcassets in Resources */,
				529895AE1EC1A72300C66409 /* Main.storyboard in Resources */,
			);
			runOnlyForDeploymentPostprocessing = 0;
		};
		529895B71EC1A72300C66409 /* Resources */ = {
			isa = PBXResourcesBuildPhase;
			buildActionMask = 2147483647;
			files = (
			);
			runOnlyForDeploymentPostprocessing = 0;
		};
		529895C21EC1A72300C66409 /* Resources */ = {
			isa = PBXResourcesBuildPhase;
			buildActionMask = 2147483647;
			files = (
			);
			runOnlyForDeploymentPostprocessing = 0;
		};
/* End PBXResourcesBuildPhase section */

/* Begin PBXSourcesBuildPhase section */
		5298959C1EC1A72300C66409 /* Sources */ = {
			isa = PBXSourcesBuildPhase;
			buildActionMask = 2147483647;
			files = (
				529895AB1EC1A72300C66409 /* ViewController.m in Sources */,
				529895A81EC1A72300C66409 /* AppDelegate.m in Sources */,
				529895A51EC1A72300C66409 /* main.m in Sources */,
			);
			runOnlyForDeploymentPostprocessing = 0;
		};
		529895B51EC1A72300C66409 /* Sources */ = {
			isa = PBXSourcesBuildPhase;
			buildActionMask = 2147483647;
			files = (
				529895BE1EC1A72300C66409 /* KSCCommentListTests.m in Sources */,
			);
			runOnlyForDeploymentPostprocessing = 0;
		};
		529895C01EC1A72300C66409 /* Sources */ = {
			isa = PBXSourcesBuildPhase;
			buildActionMask = 2147483647;
			files = (
				529895C91EC1A72300C66409 /* KSCCommentListUITests.m in Sources */,
			);
			runOnlyForDeploymentPostprocessing = 0;
		};
/* End PBXSourcesBuildPhase section */

/* Begin PBXTargetDependency section */
		529895BB1EC1A72300C66409 /* PBXTargetDependency */ = {
			isa = PBXTargetDependency;
			target = 5298959F1EC1A72300C66409 /* KSCCommentList */;
			targetProxy = 529895BA1EC1A72300C66409 /* PBXContainerItemProxy */;
		};
		529895C61EC1A72300C66409 /* PBXTargetDependency */ = {
			isa = PBXTargetDependency;
			target = 5298959F1EC1A72300C66409 /* KSCCommentList */;
			targetProxy = 529895C51EC1A72300C66409 /* PBXContainerItemProxy */;
		};
/* End PBXTargetDependency section */

/* Begin PBXVariantGroup section */
		529895AC1EC1A72300C66409 /* Main.storyboard */ = {
			isa = PBXVariantGroup;
			children = (
				529895AD1EC1A72300C66409 /* Base */,
			);
			name = Main.storyboard;
			sourceTree = "<group>";
		};
		529895B11EC1A72300C66409 /* LaunchScreen.storyboard */ = {
			isa = PBXVariantGroup;
			children = (
				529895B21EC1A72300C66409 /* Base */,
			);
			name = LaunchScreen.storyboard;
			sourceTree = "<group>";
		};
/* End PBXVariantGroup section */

/* Begin XCBuildConfiguration section */
		529895CB1EC1A72300C66409 /* Debug */ = {
			isa = XCBuildConfiguration;
			buildSettings = {
				ALWAYS_SEARCH_USER_PATHS = NO;
				CLANG_ANALYZER_NONNULL = YES;
				CLANG_ANALYZER_NUMBER_OBJECT_CONVERSION = YES_AGGRESSIVE;
				CLANG_CXX_LANGUAGE_STANDARD = "gnu++0x";
				CLANG_CXX_LIBRARY = "libc++";
				CLANG_ENABLE_MODULES = YES;
				CLANG_ENABLE_OBJC_ARC = YES;
				CLANG_WARN_BOOL_CONVERSION = YES;
				CLANG_WARN_CONSTANT_CONVERSION = YES;
				CLANG_WARN_DIRECT_OBJC_ISA_USAGE = YES_ERROR;
				CLANG_WARN_DOCUMENTATION_COMMENTS = YES;
				CLANG_WARN_EMPTY_BODY = YES;
				CLANG_WARN_ENUM_CONVERSION = YES;
				CLANG_WARN_INFINITE_RECURSION = YES;
				CLANG_WARN_INT_CONVERSION = YES;
				CLANG_WARN_OBJC_ROOT_CLASS = YES_ERROR;
				CLANG_WARN_SUSPICIOUS_MOVE = YES;
				CLANG_WARN_UNREACHABLE_CODE = YES;
				CLANG_WARN__DUPLICATE_METHOD_MATCH = YES;
				"CODE_SIGN_IDENTITY[sdk=iphoneos*]" = "iPhone Developer";
				COPY_PHASE_STRIP = NO;
				DEBUG_INFORMATION_FORMAT = dwarf;
				ENABLE_STRICT_OBJC_MSGSEND = YES;
				ENABLE_TESTABILITY = YES;
				GCC_C_LANGUAGE_STANDARD = gnu99;
				GCC_DYNAMIC_NO_PIC = NO;
				GCC_NO_COMMON_BLOCKS = YES;
				GCC_OPTIMIZATION_LEVEL = 0;
				GCC_PREPROCESSOR_DEFINITIONS = (
					"DEBUG=1",
					"$(inherited)",
				);
				GCC_WARN_64_TO_32_BIT_CONVERSION = YES;
				GCC_WARN_ABOUT_RETURN_TYPE = YES_ERROR;
				GCC_WARN_UNDECLARED_SELECTOR = YES;
				GCC_WARN_UNINITIALIZED_AUTOS = YES_AGGRESSIVE;
				GCC_WARN_UNUSED_FUNCTION = YES;
				GCC_WARN_UNUSED_VARIABLE = YES;
				IPHONEOS_DEPLOYMENT_TARGET = 10.3;
				MTL_ENABLE_DEBUG_INFO = YES;
				ONLY_ACTIVE_ARCH = YES;
				SDKROOT = iphoneos;
			};
			name = Debug;
		};
		529895CC1EC1A72300C66409 /* Release */ = {
			isa = XCBuildConfiguration;
			buildSettings = {
				ALWAYS_SEARCH_USER_PATHS = NO;
				CLANG_ANALYZER_NONNULL = YES;
				CLANG_ANALYZER_NUMBER_OBJECT_CONVERSION = YES_AGGRESSIVE;
				CLANG_CXX_LANGUAGE_STANDARD = "gnu++0x";
				CLANG_CXX_LIBRARY = "libc++";
				CLANG_ENABLE_MODULES = YES;
				CLANG_ENABLE_OBJC_ARC = YES;
				CLANG_WARN_BOOL_CONVERSION = YES;
				CLANG_WARN_CONSTANT_CONVERSION = YES;
				CLANG_WARN_DIRECT_OBJC_ISA_USAGE = YES_ERROR;
				CLANG_WARN_DOCUMENTATION_COMMENTS = YES;
				CLANG_WARN_EMPTY_BODY = YES;
				CLANG_WARN_ENUM_CONVERSION = YES;
				CLANG_WARN_INFINITE_RECURSION = YES;
				CLANG_WARN_INT_CONVERSION = YES;
				CLANG_WARN_OBJC_ROOT_CLASS = YES_ERROR;
				CLANG_WARN_SUSPICIOUS_MOVE = YES;
				CLANG_WARN_UNREACHABLE_CODE = YES;
				CLANG_WARN__DUPLICATE_METHOD_MATCH = YES;
				"CODE_SIGN_IDENTITY[sdk=iphoneos*]" = "iPhone Developer";
				COPY_PHASE_STRIP = NO;
				DEBUG_INFORMATION_FORMAT = "dwarf-with-dsym";
				ENABLE_NS_ASSERTIONS = NO;
				ENABLE_STRICT_OBJC_MSGSEND = YES;
				GCC_C_LANGUAGE_STANDARD = gnu99;
				GCC_NO_COMMON_BLOCKS = YES;
				GCC_WARN_64_TO_32_BIT_CONVERSION = YES;
				GCC_WARN_ABOUT_RETURN_TYPE = YES_ERROR;
				GCC_WARN_UNDECLARED_SELECTOR = YES;
				GCC_WARN_UNINITIALIZED_AUTOS = YES_AGGRESSIVE;
				GCC_WARN_UNUSED_FUNCTION = YES;
				GCC_WARN_UNUSED_VARIABLE = YES;
				IPHONEOS_DEPLOYMENT_TARGET = 10.3;
				MTL_ENABLE_DEBUG_INFO = NO;
				SDKROOT = iphoneos;
				VALIDATE_PRODUCT = YES;
			};
			name = Release;
		};
		529895CE1EC1A72300C66409 /* Debug */ = {
			isa = XCBuildConfiguration;
			buildSettings = {
				ASSETCATALOG_COMPILER_APPICON_NAME = AppIcon;
				DEVELOPMENT_TEAM = FFZGHY5WM4;
				INFOPLIST_FILE = KSCCommentList/Info.plist;
				LD_RUNPATH_SEARCH_PATHS = "$(inherited) @executable_path/Frameworks";
				PRODUCT_BUNDLE_IDENTIFIER = KSC.KSCCommentList;
				PRODUCT_NAME = "$(TARGET_NAME)";
			};
			name = Debug;
		};
		529895CF1EC1A72300C66409 /* Release */ = {
			isa = XCBuildConfiguration;
			buildSettings = {
				ASSETCATALOG_COMPILER_APPICON_NAME = AppIcon;
				DEVELOPMENT_TEAM = FFZGHY5WM4;
				INFOPLIST_FILE = KSCCommentList/Info.plist;
				LD_RUNPATH_SEARCH_PATHS = "$(inherited) @executable_path/Frameworks";
				PRODUCT_BUNDLE_IDENTIFIER = KSC.KSCCommentList;
				PRODUCT_NAME = "$(TARGET_NAME)";
			};
			name = Release;
		};
		529895D11EC1A72300C66409 /* Debug */ = {
			isa = XCBuildConfiguration;
			buildSettings = {
				BUNDLE_LOADER = "$(TEST_HOST)";
				DEVELOPMENT_TEAM = FFZGHY5WM4;
				INFOPLIST_FILE = KSCCommentListTests/Info.plist;
				LD_RUNPATH_SEARCH_PATHS = "$(inherited) @executable_path/Frameworks @loader_path/Frameworks";
				PRODUCT_BUNDLE_IDENTIFIER = KSC.KSCCommentListTests;
				PRODUCT_NAME = "$(TARGET_NAME)";
				TEST_HOST = "$(BUILT_PRODUCTS_DIR)/KSCCommentList.app/KSCCommentList";
			};
			name = Debug;
		};
		529895D21EC1A72300C66409 /* Release */ = {
			isa = XCBuildConfiguration;
			buildSettings = {
				BUNDLE_LOADER = "$(TEST_HOST)";
				DEVELOPMENT_TEAM = FFZGHY5WM4;
				INFOPLIST_FILE = KSCCommentListTests/Info.plist;
				LD_RUNPATH_SEARCH_PATHS = "$(inherited) @executable_path/Frameworks @loader_path/Frameworks";
				PRODUCT_BUNDLE_IDENTIFIER = KSC.KSCCommentListTests;
				PRODUCT_NAME = "$(TARGET_NAME)";
				TEST_HOST = "$(BUILT_PRODUCTS_DIR)/KSCCommentList.app/KSCCommentList";
			};
			name = Release;
		};
		529895D41EC1A72300C66409 /* Debug */ = {
			isa = XCBuildConfiguration;
			buildSettings = {
				DEVELOPMENT_TEAM = FFZGHY5WM4;
				INFOPLIST_FILE = KSCCommentListUITests/Info.plist;
				LD_RUNPATH_SEARCH_PATHS = "$(inherited) @executable_path/Frameworks @loader_path/Frameworks";
				PRODUCT_BUNDLE_IDENTIFIER = KSC.KSCCommentListUITests;
				PRODUCT_NAME = "$(TARGET_NAME)";
				TEST_TARGET_NAME = KSCCommentList;
			};
			name = Debug;
		};
		529895D51EC1A72300C66409 /* Release */ = {
			isa = XCBuildConfiguration;
			buildSettings = {
				DEVELOPMENT_TEAM = FFZGHY5WM4;
				INFOPLIST_FILE = KSCCommentListUITests/Info.plist;
				LD_RUNPATH_SEARCH_PATHS = "$(inherited) @executable_path/Frameworks @loader_path/Frameworks";
				PRODUCT_BUNDLE_IDENTIFIER = KSC.KSCCommentListUITests;
				PRODUCT_NAME = "$(TARGET_NAME)";
				TEST_TARGET_NAME = KSCCommentList;
			};
			name = Release;
		};
/* End XCBuildConfiguration section */

/* Begin XCConfigurationList section */
		5298959B1EC1A72300C66409 /* Build configuration list for PBXProject "KSCCommentList" */ = {
			isa = XCConfigurationList;
			buildConfigurations = (
				529895CB1EC1A72300C66409 /* Debug */,
				529895CC1EC1A72300C66409 /* Release */,
			);
			defaultConfigurationIsVisible = 0;
			defaultConfigurationName = Release;
		};
		529895CD1EC1A72300C66409 /* Build configuration list for PBXNativeTarget "KSCCommentList" */ = {
			isa = XCConfigurationList;
			buildConfigurations = (
				529895CE1EC1A72300C66409 /* Debug */,
				529895CF1EC1A72300C66409 /* Release */,
			);
			defaultConfigurationIsVisible = 0;
		};
		529895D01EC1A72300C66409 /* Build configuration list for PBXNativeTarget "KSCCommentListTests" */ = {
			isa = XCConfigurationList;
			buildConfigurations = (
				529895D11EC1A72300C66409 /* Debug */,
				529895D21EC1A72300C66409 /* Release */,
			);
			defaultConfigurationIsVisible = 0;
		};
		529895D31EC1A72300C66409 /* Build configuration list for PBXNativeTarget "KSCCommentListUITests" */ = {
			isa = XCConfigurationList;
			buildConfigurations = (
				529895D41EC1A72300C66409 /* Debug */,
				529895D51EC1A72300C66409 /* Release */,
			);
			defaultConfigurationIsVisible = 0;
		};
/* End XCConfigurationList section */
	};
	rootObject = 529895981EC1A72300C66409 /* Project object */;
}
